
Microsoft Visual Studio Solution File, Format Version 12.00
# Visual Studio 14
VisualStudioVersion = 14.0.23107.0
MinimumVisualStudioVersion = 10.0.40219.1
Project("{FAE04EC0-301F-11D3-BF4B-00C04F79EFBC}") = "HelloWorld", "ConsoleApplication1\HelloWorld.csproj", "{57A80957-69B9-465A-9D5F-DB0DE2102926}"
EndProject
Project("{FAE04EC0-301F-11D3-BF4B-00C04F79EFBC}") = "ResolverEcuacionCuadratica.BL", "ResolverEcuacionCuadratica\ResolverEcuacionCuadratica.BL.csproj", "{0052D8B8-57A9-4D93-8E54-9896BB190DD5}"
EndProject
Project("{FAE04EC0-301F-11D3-BF4B-00C04F79EFBC}") = "ResolverEcuacionCuadratica.Test", "ResolverEcuacionCuadratica.Test\ResolverEcuacionCuadratica.Test.csproj", "{0795188C-DEEA-49E2-B719-61B466755E30}"
EndProject
Global
	GlobalSection(SolutionConfigurationPlatforms) = preSolution
		Debug|Any CPU = Debug|Any CPU
		Release|Any CPU = Release|Any CPU
	EndGlobalSection
	GlobalSection(ProjectConfigurationPlatforms) = postSolution
		{57A80957-69B9-465A-9D5F-DB0DE2102926}.Debug|Any CPU.ActiveCfg = Debug|Any CPU
		{57A80957-69B9-465A-9D5F-DB0DE2102926}.Debug|Any CPU.Build.0 = Debug|Any CPU
		{57A80957-69B9-465A-9D5F-DB0DE2102926}.Release|Any CPU.ActiveCfg = Release|Any CPU
		{57A80957-69B9-465A-9D5F-DB0DE2102926}.Release|Any CPU.Build.0 = Release|Any CPU
		{0052D8B8-57A9-4D93-8E54-9896BB190DD5}.Debug|Any CPU.ActiveCfg = Debug|Any CPU
		{0052D8B8-57A9-4D93-8E54-9896BB190DD5}.Debug|Any CPU.Build.0 = Debug|Any CPU
		{0052D8B8-57A9-4D93-8E54-9896BB190DD5}.Release|Any CPU.ActiveCfg = Release|Any CPU
		{0052D8B8-57A9-4D93-8E54-9896BB190DD5}.Release|Any CPU.Build.0 = Release|Any CPU
		{0795188C-DEEA-49E2-B719-61B466755E30}.Debug|Any CPU.ActiveCfg = Debug|Any CPU
		{0795188C-DEEA-49E2-B719-61B466755E30}.Debug|Any CPU.Build.0 = Debug|Any CPU
		{0795188C-DEEA-49E2-B719-61B466755E30}.Release|Any CPU.ActiveCfg = Release|Any CPU
		{0795188C-DEEA-49E2-B719-61B466755E30}.Release|Any CPU.Build.0 = Release|Any CPU
	EndGlobalSection
	GlobalSection(SolutionProperties) = preSolution
		HideSolutionNode = FALSE
	EndGlobalSection
EndGlobal
